// !$*UTF8*$!
{
	archiveVersion = 1;
	classes = {
	};
	objectVersion = 51;
	objects = {

/* Begin PBXBuildFile section */
		04A3A3C725122CE5005C92AC /* AppDelegate.swift in Sources */ = {isa = PBXBuildFile; fileRef = 04A3A3C625122CE5005C92AC /* AppDelegate.swift */; };
		04A3A3C925122CE5005C92AC /* SceneDelegate.swift in Sources */ = {isa = PBXBuildFile; fileRef = 04A3A3C825122CE5005C92AC /* SceneDelegate.swift */; };
		04A3A3CB25122CE5005C92AC /* ViewController.swift in Sources */ = {isa = PBXBuildFile; fileRef = 04A3A3CA25122CE5005C92AC /* ViewController.swift */; };
		04A3A3CE25122CE5005C92AC /* Main.storyboard in Resources */ = {isa = PBXBuildFile; fileRef = 04A3A3CC25122CE5005C92AC /* Main.storyboard */; };
		04A3A3D025122CE9005C92AC /* Assets.xcassets in Resources */ = {isa = PBXBuildFile; fileRef = 04A3A3CF25122CE9005C92AC /* Assets.xcassets */; };
		04A3A3D325122CE9005C92AC /* LaunchScreen.storyboard in Resources */ = {isa = PBXBuildFile; fileRef = 04A3A3D125122CE9005C92AC /* LaunchScreen.storyboard */; };
		4E60FEE79D4D13D726029057 /* Pods_HMSScanKit.framework in Frameworks */ = {isa = PBXBuildFile; fileRef = DC46829A10F4030079D9CB90 /* Pods_HMSScanKit.framework */; };
/* End PBXBuildFile section */

/* Begin PBXFileReference section */
		04A3A3C325122CE5005C92AC /* HMSScanKit.app */ = {isa = PBXFileReference; explicitFileType = wrapper.application; includeInIndex = 0; path = HMSScanKit.app; sourceTree = BUILT_PRODUCTS_DIR; };
		04A3A3C625122CE5005C92AC /* AppDelegate.swift */ = {isa = PBXFileReference; lastKnownFileType = sourcecode.swift; path = AppDelegate.swift; sourceTree = "<group>"; };
		04A3A3C825122CE5005C92AC /* SceneDelegate.swift */ = {isa = PBXFileReference; lastKnownFileType = sourcecode.swift; path = SceneDelegate.swift; sourceTree = "<group>"; };
		04A3A3CA25122CE5005C92AC /* ViewController.swift */ = {isa = PBXFileReference; lastKnownFileType = sourcecode.swift; path = ViewController.swift; sourceTree = "<group>"; };
		04A3A3CD25122CE5005C92AC /* Base */ = {isa = PBXFileReference; lastKnownFileType = file.storyboard; name = Base; path = Base.lproj/Main.storyboard; sourceTree = "<group>"; };
		04A3A3CF25122CE9005C92AC /* Assets.xcassets */ = {isa = PBXFileReference; lastKnownFileType = folder.assetcatalog; path = Assets.xcassets; sourceTree = "<group>"; };
		04A3A3D225122CE9005C92AC /* Base */ = {isa = PBXFileReference; lastKnownFileType = file.storyboard; name = Base; path = Base.lproj/LaunchScreen.storyboard; sourceTree = "<group>"; };
		04A3A3D425122CE9005C92AC /* Info.plist */ = {isa = PBXFileReference; lastKnownFileType = text.plist.xml; path = Info.plist; sourceTree = "<group>"; };
		082B888FDE81251DE6B59AF7 /* Pods-HMSScanKit.debug.xcconfig */ = {isa = PBXFileReference; includeInIndex = 1; lastKnownFileType = text.xcconfig; name = "Pods-HMSScanKit.debug.xcconfig"; path = "Target Support Files/Pods-HMSScanKit/Pods-HMSScanKit.debug.xcconfig"; sourceTree = "<group>"; };
		53D1C780B24348D650D6F7D0 /* Pods-HMSScanKit.release.xcconfig */ = {isa = PBXFileReference; includeInIndex = 1; lastKnownFileType = text.xcconfig; name = "Pods-HMSScanKit.release.xcconfig"; path = "Target Support Files/Pods-HMSScanKit/Pods-HMSScanKit.release.xcconfig"; sourceTree = "<group>"; };
		DC46829A10F4030079D9CB90 /* Pods_HMSScanKit.framework */ = {isa = PBXFileReference; explicitFileType = wrapper.framework; includeInIndex = 0; path = Pods_HMSScanKit.framework; sourceTree = BUILT_PRODUCTS_DIR; };
/* End PBXFileReference section */

/* Begin PBXFrameworksBuildPhase section */
		04A3A3C025122CE5005C92AC /* Frameworks */ = {
			isa = PBXFrameworksBuildPhase;
			buildActionMask = 2147483647;
			files = (
				4E60FEE79D4D13D726029057 /* Pods_HMSScanKit.framework in Frameworks */,
			);
			runOnlyForDeploymentPostprocessing = 0;
		};
/* End PBXFrameworksBuildPhase section */

/* Begin PBXGroup section */
		04A3A3BA25122CE5005C92AC = {
			isa = PBXGroup;
			children = (
				04A3A3C525122CE5005C92AC /* HMSScanKit */,
				04A3A3C425122CE5005C92AC /* Products */,
				E0CBF5B5BBBFB667DD2BCB6F /* Pods */,
				24D5836B38068B6FAD3C175D /* Frameworks */,
			);
			sourceTree = "<group>";
		};
		04A3A3C425122CE5005C92AC /* Products */ = {
			isa = PBXGroup;
			children = (
				04A3A3C325122CE5005C92AC /* HMSScanKit.app */,
			);
			name = Products;
			sourceTree = "<group>";
		};
		04A3A3C525122CE5005C92AC /* HMSScanKit */ = {
			isa = PBXGroup;
			children = (
				04A3A3C625122CE5005C92AC /* AppDelegate.swift */,
				04A3A3C825122CE5005C92AC /* SceneDelegate.swift */,
				04A3A3CA25122CE5005C92AC /* ViewController.swift */,
				04A3A3CC25122CE5005C92AC /* Main.storyboard */,
				04A3A3CF25122CE9005C92AC /* Assets.xcassets */,
				04A3A3D125122CE9005C92AC /* LaunchScreen.storyboard */,
				04A3A3D425122CE9005C92AC /* Info.plist */,
			);
			path = HMSScanKit;
			sourceTree = "<group>";
		};
		24D5836B38068B6FAD3C175D /* Frameworks */ = {
			isa = PBXGroup;
			children = (
				DC46829A10F4030079D9CB90 /* Pods_HMSScanKit.framework */,
			);
			name = Frameworks;
			sourceTree = "<group>";
		};
		E0CBF5B5BBBFB667DD2BCB6F /* Pods */ = {
			isa = PBXGroup;
			children = (
				082B888FDE81251DE6B59AF7 /* Pods-HMSScanKit.debug.xcconfig */,
				53D1C780B24348D650D6F7D0 /* Pods-HMSScanKit.release.xcconfig */,
			);
			path = Pods;
			sourceTree = "<group>";
		};
/* End PBXGroup section */

/* Begin PBXNativeTarget section */
		04A3A3C225122CE5005C92AC /* HMSScanKit */ = {
			isa = PBXNativeTarget;
			buildConfigurationList = 04A3A3D725122CE9005C92AC /* Build configuration list for PBXNativeTarget "HMSScanKit" */;
			buildPhases = (
				8316BF8F98590885BE26CD9B /* [CP] Check Pods Manifest.lock */,
				04A3A3BF25122CE5005C92AC /* Sources */,
				04A3A3C025122CE5005C92AC /* Frameworks */,
				04A3A3C125122CE5005C92AC /* Resources */,
				4C246683240ABC07EB9B0CC0 /* [CP] Embed Pods Frameworks */,
				9220D0D5A06B9AC927F749EF /* [CP] Copy Pods Resources */,
			);
			buildRules = (
			);
			dependencies = (
			);
			name = HMSScanKit;
			productName = HMSScanKit;
			productReference = 04A3A3C325122CE5005C92AC /* HMSScanKit.app */;
			productType = "com.apple.product-type.application";
		};
/* End PBXNativeTarget section */

/* Begin PBXProject section */
		04A3A3BB25122CE5005C92AC /* Project object */ = {
			isa = PBXProject;
			attributes = {
				LastSwiftUpdateCheck = 1170;
				LastUpgradeCheck = 1170;
				ORGANIZATIONNAME = "Emre AYDIN";
				TargetAttributes = {
					04A3A3C225122CE5005C92AC = {
						CreatedOnToolsVersion = 11.7;
					};
				};
			};
			buildConfigurationList = 04A3A3BE25122CE5005C92AC /* Build configuration list for PBXProject "HMSScanKit" */;
			compatibilityVersion = "Xcode 9.3";
			developmentRegion = en;
			hasScannedForEncodings = 0;
			knownRegions = (
				en,
				Base,
			);
			mainGroup = 04A3A3BA25122CE5005C92AC;
			productRefGroup = 04A3A3C425122CE5005C92AC /* Products */;
			projectDirPath = "";
			projectRoot = "";
			targets = (
				04A3A3C225122CE5005C92AC /* HMSScanKit */,
			);
		};
/* End PBXProject section */

/* Begin PBXResourcesBuildPhase section */
		04A3A3C125122CE5005C92AC /* Resources */ = {
			isa = PBXResourcesBuildPhase;
			buildActionMask = 2147483647;
			files = (
				04A3A3D325122CE9005C92AC /* LaunchScreen.storyboard in Resources */,
				04A3A3D025122CE9005C92AC /* Assets.xcassets in Resources */,
				04A3A3CE25122CE5005C92AC /* Main.storyboard in Resources */,
			);
			runOnlyForDeploymentPostprocessing = 0;
		};
/* End PBXResourcesBuildPhase section */

/* Begin PBXShellScriptBuildPhase section */
		4C246683240ABC07EB9B0CC0 /* [CP] Embed Pods Frameworks */ = {
			isa = PBXShellScriptBuildPhase;
			buildActionMask = 2147483647;
			files = (
			);
			inputFileListPaths = (
				"${PODS_ROOT}/Target Support Files/Pods-HMSScanKit/Pods-HMSScanKit-frameworks-${CONFIGURATION}-input-files.xcfilelist",
			);
			name = "[CP] Embed Pods Frameworks";
			outputFileListPaths = (
				"${PODS_ROOT}/Target Support Files/Pods-HMSScanKit/Pods-HMSScanKit-frameworks-${CONFIGURATION}-output-files.xcfilelist",
			);
			runOnlyForDeploymentPostprocessing = 0;
			shellPath = /bin/sh;
			shellScript = "\"${PODS_ROOT}/Target Support Files/Pods-HMSScanKit/Pods-HMSScanKit-frameworks.sh\"\n";
			showEnvVarsInLog = 0;
		};
		8316BF8F98590885BE26CD9B /* [CP] Check Pods Manifest.lock */ = {
			isa = PBXShellScriptBuildPhase;
			buildActionMask = 2147483647;
			files = (
			);
			inputFileListPaths = (
			);
			inputPaths = (
				"${PODS_PODFILE_DIR_PATH}/Podfile.lock",
				"${PODS_ROOT}/Manifest.lock",
			);
			name = "[CP] Check Pods Manifest.lock";
			outputFileListPaths = (
			);
			outputPaths = (
				"$(DERIVED_FILE_DIR)/Pods-HMSScanKit-checkManifestLockResult.txt",
			);
			runOnlyForDeploymentPostprocessing = 0;
			shellPath = /bin/sh;
			shellScript = "diff \"${PODS_PODFILE_DIR_PATH}/Podfile.lock\" \"${PODS_ROOT}/Manifest.lock\" > /dev/null\nif [ $? != 0 ] ; then\n    # print error to STDERR\n    echo \"error: The sandbox is not in sync with the Podfile.lock. Run 'pod install' or update your CocoaPods installation.\" >&2\n    exit 1\nfi\n# This output is used by Xcode 'outputs' to avoid re-running this script phase.\necho \"SUCCESS\" > \"${SCRIPT_OUTPUT_FILE_0}\"\n";
			showEnvVarsInLog = 0;
		};
		9220D0D5A06B9AC927F749EF /* [CP] Copy Pods Resources */ = {
			isa = PBXShellScriptBuildPhase;
			buildActionMask = 2147483647;
			files = (
			);
			inputFileListPaths = (
				"${PODS_ROOT}/Target Support Files/Pods-HMSScanKit/Pods-HMSScanKit-resources-${CONFIGURATION}-input-files.xcfilelist",
			);
			name = "[CP] Copy Pods Resources";
			outputFileListPaths = (
				"${PODS_ROOT}/Target Support Files/Pods-HMSScanKit/Pods-HMSScanKit-resources-${CONFIGURATION}-output-files.xcfilelist",
			);
			runOnlyForDeploymentPostprocessing = 0;
			shellPath = /bin/sh;
			shellScript = "\"${PODS_ROOT}/Target Support Files/Pods-HMSScanKit/Pods-HMSScanKit-resources.sh\"\n";
			showEnvVarsInLog = 0;
		};
/* End PBXShellScriptBuildPhase section */

/* Begin PBXSourcesBuildPhase section */
		04A3A3BF25122CE5005C92AC /* Sources */ = {
			isa = PBXSourcesBuildPhase;
			buildActionMask = 2147483647;
			files = (
				04A3A3CB25122CE5005C92AC /* ViewController.swift in Sources */,
				04A3A3C725122CE5005C92AC /* AppDelegate.swift in Sources */,
				04A3A3C925122CE5005C92AC /* SceneDelegate.swift in Sources */,
			);
			runOnlyForDeploymentPostprocessing = 0;
		};
/* End PBXSourcesBuildPhase section */

/* Begin PBXVariantGroup section */
		04A3A3CC25122CE5005C92AC /* Main.storyboard */ = {
			isa = PBXVariantGroup;
			children = (
				04A3A3CD25122CE5005C92AC /* Base */,
			);
			name = Main.storyboard;
			sourceTree = "<group>";
		};
		04A3A3D125122CE9005C92AC /* LaunchScreen.storyboard */ = {
			isa = PBXVariantGroup;
			children = (
				04A3A3D225122CE9005C92AC /* Base */,
			);
			name = LaunchScreen.storyboard;
			sourceTree = "<group>";
		};
/* End PBXVariantGroup section */

/* Begin XCBuildConfiguration section */
		04A3A3D525122CE9005C92AC /* Debug */ = {
			isa = XCBuildConfiguration;
			buildSettings = {
				ALWAYS_SEARCH_USER_PATHS = NO;
				CLANG_ANALYZER_NONNULL = YES;
				CLANG_ANALYZER_NUMBER_OBJECT_CONVERSION = YES_AGGRESSIVE;
				CLANG_CXX_LANGUAGE_STANDARD = "gnu++14";
				CLANG_CXX_LIBRARY = "libc++";
				CLANG_ENABLE_MODULES = YES;
				CLANG_ENABLE_OBJC_ARC = YES;
				CLANG_ENABLE_OBJC_WEAK = YES;
				CLANG_WARN_BLOCK_CAPTURE_AUTORELEASING = YES;
				CLANG_WARN_BOOL_CONVERSION = YES;
				CLANG_WARN_COMMA = YES;
				CLANG_WARN_CONSTANT_CONVERSION = YES;
				CLANG_WARN_DEPRECATED_OBJC_IMPLEMENTATIONS = YES;
				CLANG_WARN_DIRECT_OBJC_ISA_USAGE = YES_ERROR;
				CLANG_WARN_DOCUMENTATION_COMMENTS = YES;
				CLANG_WARN_EMPTY_BODY = YES;
				CLANG_WARN_ENUM_CONVERSION = YES;
				CLANG_WARN_INFINITE_RECURSION = YES;
				CLANG_WARN_INT_CONVERSION = YES;
				CLANG_WARN_NON_LITERAL_NULL_CONVERSION = YES;
				CLANG_WARN_OBJC_IMPLICIT_RETAIN_SELF = YES;
				CLANG_WARN_OBJC_LITERAL_CONVERSION = YES;
				CLANG_WARN_OBJC_ROOT_CLASS = YES_ERROR;
				CLANG_WARN_RANGE_LOOP_ANALYSIS = YES;
				CLANG_WARN_STRICT_PROTOTYPES = YES;
				CLANG_WARN_SUSPICIOUS_MOVE = YES;
				CLANG_WARN_UNGUARDED_AVAILABILITY = YES_AGGRESSIVE;
				CLANG_WARN_UNREACHABLE_CODE = YES;
				CLANG_WARN__DUPLICATE_METHOD_MATCH = YES;
				COPY_PHASE_STRIP = NO;
				DEBUG_INFORMATION_FORMAT = dwarf;
				ENABLE_STRICT_OBJC_MSGSEND = YES;
				ENABLE_TESTABILITY = YES;
				GCC_C_LANGUAGE_STANDARD = gnu11;
				GCC_DYNAMIC_NO_PIC = NO;
				GCC_NO_COMMON_BLOCKS = YES;
				GCC_OPTIMIZATION_LEVEL = 0;
				GCC_PREPROCESSOR_DEFINITIONS = (
					"DEBUG=1",
					"$(inherited)",
				);
				GCC_WARN_64_TO_32_BIT_CONVERSION = YES;
				GCC_WARN_ABOUT_RETURN_TYPE = YES_ERROR;
				GCC_WARN_UNDECLARED_SELECTOR = YES;
				GCC_WARN_UNINITIALIZED_AUTOS = YES_AGGRESSIVE;
				GCC_WARN_UNUSED_FUNCTION = YES;
				GCC_WARN_UNUSED_VARIABLE = YES;
				IPHONEOS_DEPLOYMENT_TARGET = 13.7;
				MTL_ENABLE_DEBUG_INFO = INCLUDE_SOURCE;
				MTL_FAST_MATH = YES;
				ONLY_ACTIVE_ARCH = YES;
				SDKROOT = iphoneos;
				SWIFT_ACTIVE_COMPILATION_CONDITIONS = DEBUG;
				SWIFT_OPTIMIZATION_LEVEL = "-Onone";
			};
			name = Debug;
		};
		04A3A3D625122CE9005C92AC /* Release */ = {
			isa = XCBuildConfiguration;
			buildSettings = {
				ALWAYS_SEARCH_USER_PATHS = NO;
				CLANG_ANALYZER_NONNULL = YES;
				CLANG_ANALYZER_NUMBER_OBJECT_CONVERSION = YES_AGGRESSIVE;
				CLANG_CXX_LANGUAGE_STANDARD = "gnu++14";
				CLANG_CXX_LIBRARY = "libc++";
				CLANG_ENABLE_MODULES = YES;
				CLANG_ENABLE_OBJC_ARC = YES;
				CLANG_ENABLE_OBJC_WEAK = YES;
				CLANG_WARN_BLOCK_CAPTURE_AUTORELEASING = YES;
				CLANG_WARN_BOOL_CONVERSION = YES;
				CLANG_WARN_COMMA = YES;
				CLANG_WARN_CONSTANT_CONVERSION = YES;
				CLANG_WARN_DEPRECATED_OBJC_IMPLEMENTATIONS = YES;
				CLANG_WARN_DIRECT_OBJC_ISA_USAGE = YES_ERROR;
				CLANG_WARN_DOCUMENTATION_COMMENTS = YES;
				CLANG_WARN_EMPTY_BODY = YES;
				CLANG_WARN_ENUM_CONVERSION = YES;
				CLANG_WARN_INFINITE_RECURSION = YES;
				CLANG_WARN_INT_CONVERSION = YES;
				CLANG_WARN_NON_LITERAL_NULL_CONVERSION = YES;
				CLANG_WARN_OBJC_IMPLICIT_RETAIN_SELF = YES;
				CLANG_WARN_OBJC_LITERAL_CONVERSION = YES;
				CLANG_WARN_OBJC_ROOT_CLASS = YES_ERROR;
				CLANG_WARN_RANGE_LOOP_ANALYSIS = YES;
				CLANG_WARN_STRICT_PROTOTYPES = YES;
				CLANG_WARN_SUSPICIOUS_MOVE = YES;
				CLANG_WARN_UNGUARDED_AVAILABILITY = YES_AGGRESSIVE;
				CLANG_WARN_UNREACHABLE_CODE = YES;
				CLANG_WARN__DUPLICATE_METHOD_MATCH = YES;
				COPY_PHASE_STRIP = NO;
				DEBUG_INFORMATION_FORMAT = "dwarf-with-dsym";
				ENABLE_NS_ASSERTIONS = NO;
				ENABLE_STRICT_OBJC_MSGSEND = YES;
				GCC_C_LANGUAGE_STANDARD = gnu11;
				GCC_NO_COMMON_BLOCKS = YES;
				GCC_WARN_64_TO_32_BIT_CONVERSION = YES;
				GCC_WARN_ABOUT_RETURN_TYPE = YES_ERROR;
				GCC_WARN_UNDECLARED_SELECTOR = YES;
				GCC_WARN_UNINITIALIZED_AUTOS = YES_AGGRESSIVE;
				GCC_WARN_UNUSED_FUNCTION = YES;
				GCC_WARN_UNUSED_VARIABLE = YES;
				IPHONEOS_DEPLOYMENT_TARGET = 13.7;
				MTL_ENABLE_DEBUG_INFO = NO;
				MTL_FAST_MATH = YES;
				SDKROOT = iphoneos;
				SWIFT_COMPILATION_MODE = wholemodule;
				SWIFT_OPTIMIZATION_LEVEL = "-O";
				VALIDATE_PRODUCT = YES;
			};
			name = Release;
		};
		04A3A3D825122CE9005C92AC /* Debug */ = {
			isa = XCBuildConfiguration;
			baseConfigurationReference = 082B888FDE81251DE6B59AF7 /* Pods-HMSScanKit.debug.xcconfig */;
			buildSettings = {
				ASSETCATALOG_COMPILER_APPICON_NAME = AppIcon;
				CODE_SIGN_STYLE = Automatic;
				DEVELOPMENT_TEAM = 5D4JY3DVDT;
				ENABLE_BITCODE = NO;
				INFOPLIST_FILE = HMSScanKit/Info.plist;
				LD_RUNPATH_SEARCH_PATHS = (
					"$(inherited)",
					"@executable_path/Frameworks",
				);
				PRODUCT_BUNDLE_IDENTIFIER = com.ea.HMSScanKit;
				PRODUCT_NAME = "$(TARGET_NAME)";
				SWIFT_VERSION = 5.0;
				TARGETED_DEVICE_FAMILY = "1,2";
			};
			name = Debug;
		};
		04A3A3D925122CE9005C92AC /* Release */ = {
			isa = XCBuildConfiguration;
			baseConfigurationReference = 53D1C780B24348D650D6F7D0 /* Pods-HMSScanKit.release.xcconfig */;
			buildSettings = {
				ASSETCATALOG_COMPILER_APPICON_NAME = AppIcon;
				CODE_SIGN_STYLE = Automatic;
				DEVELOPMENT_TEAM = 5D4JY3DVDT;
				ENABLE_BITCODE = NO;
				INFOPLIST_FILE = HMSScanKit/Info.plist;
				LD_RUNPATH_SEARCH_PATHS = (
					"$(inherited)",
					"@executable_path/Frameworks",
				);
				PRODUCT_BUNDLE_IDENTIFIER = com.ea.HMSScanKit;
				PRODUCT_NAME = "$(TARGET_NAME)";
				SWIFT_VERSION = 5.0;
				TARGETED_DEVICE_FAMILY = "1,2";
			};
			name = Release;
		};
/* End XCBuildConfiguration section */

/* Begin XCConfigurationList section */
		04A3A3BE25122CE5005C92AC /* Build configuration list for PBXProject "HMSScanKit" */ = {
			isa = XCConfigurationList;
			buildConfigurations = (
				04A3A3D525122CE9005C92AC /* Debug */,
				04A3A3D625122CE9005C92AC /* Release */,
			);
			defaultConfigurationIsVisible = 0;
			defaultConfigurationName = Release;
		};
		04A3A3D725122CE9005C92AC /* Build configuration list for PBXNativeTarget "HMSScanKit" */ = {
			isa = XCConfigurationList;
			buildConfigurations = (
				04A3A3D825122CE9005C92AC /* Debug */,
				04A3A3D925122CE9005C92AC /* Release */,
			);
			defaultConfigurationIsVisible = 0;
			defaultConfigurationName = Release;
		};
/* End XCConfigurationList section */
	};
	rootObject = 04A3A3BB25122CE5005C92AC /* Project object */;
}
